{
  "nodes": {
    "flake-utils": {
      "inputs": {
        "systems": "systems"
      },
      "locked": {
        "lastModified": 1731533236,
        "narHash": "sha256-l0KFg5HjrsfsO/JpG+r7fRrqm12kzFHyUHqHCVpMMbI=",
        "owner": "numtide",
        "repo": "flake-utils",
        "rev": "11707dc2f618dd54ca8739b309ec4fc024de578b",
        "type": "github"
      },
      "original": {
        "owner": "numtide",
        "repo": "flake-utils",
        "type": "github"
      }
    },
    "home-manager": {
      "inputs": {
        "nixpkgs": [
          "xome",
          "nixpkgs"
        ]
      },
      "locked": {
        "lastModified": 1753983724,
        "narHash": "sha256-2vlAOJv4lBrE+P1uOGhZ1symyjXTRdn/mz0tZ6faQcg=",
        "owner": "nix-community",
        "repo": "home-manager",
        "rev": "7035020a507ed616e2b20c61491ae3eaa8e5462c",
        "type": "github"
      },
      "original": {
        "owner": "nix-community",
        "repo": "home-manager",
        "type": "github"
      }
    },
    "lib": {
      "inputs": {
        "flakeUtils": [
          "flake-utils"
        ],
        "libSource": "libSource"
      },
      "locked": {
        "lastModified": 1763164848,
        "narHash": "sha256-OlnnK3Iepi4As1onBrNfIiiQ0xIGzEWsJ16/TrLFcpY=",
        "owner": "jeff-hykin",
        "repo": "quick-nix-toolkits",
        "rev": "3c820d33a0c4c8480a771484f99490243b3c6b5f",
        "type": "github"
      },
      "original": {
        "owner": "jeff-hykin",
        "repo": "quick-nix-toolkits",
        "type": "github"
      }
    },
    "libSource": {
      "locked": {
        "lastModified": 1763255503,
        "narHash": "sha256-7AL5rgcGVjhYgZFbZQt1IndGcY27h5B5xi9OWtLlm6c=",
        "owner": "nix-community",
        "repo": "nixpkgs.lib",
        "rev": "56f74a2d6cd236c0ea3097b3df2e053fbb374b26",
        "type": "github"
      },
      "original": {
        "owner": "nix-community",
        "repo": "nixpkgs.lib",
        "type": "github"
      }
    },
    "libSource_2": {
      "locked": {
        "lastModified": 1753579242,
        "narHash": "sha256-zvaMGVn14/Zz8hnp4VWT9xVnhc8vuL3TStRqwk22biA=",
        "owner": "divnix",
        "repo": "nixpkgs.lib",
        "rev": "0f36c44e01a6129be94e3ade315a5883f0228a6e",
        "type": "github"
      },
      "original": {
        "owner": "divnix",
        "repo": "nixpkgs.lib",
        "type": "github"
      }
    },
    "nixpkgs": {
      "locked": {
        "lastModified": 1748929857,
        "narHash": "sha256-lcZQ8RhsmhsK8u7LIFsJhsLh/pzR9yZ8yqpTzyGdj+Q=",
        "owner": "NixOS",
        "repo": "nixpkgs",
        "rev": "c2a03962b8e24e669fb37b7df10e7c79531ff1a4",
        "type": "github"
      },
      "original": {
        "owner": "NixOS",
        "ref": "nixos-unstable",
        "repo": "nixpkgs",
        "type": "github"
      }
    },
    "root": {
      "inputs": {
        "flake-utils": "flake-utils",
        "lib": "lib",
        "nixpkgs": "nixpkgs",
        "xome": "xome"
      }
    },
    "systems": {
      "locked": {
        "lastModified": 1681028828,
        "narHash": "sha256-Vy1rq5AaRuLzOxct8nz4T6wlgyUR7zLU309k9mBC768=",
        "owner": "nix-systems",
        "repo": "default",
        "rev": "da67096a3b9bf56a91d16901293e51ba5b49a27e",
        "type": "github"
      },
      "original": {
        "owner": "nix-systems",
        "repo": "default",
        "type": "github"
      }
    },
    "xome": {
      "inputs": {
        "flake-utils": [
          "flake-utils"
        ],
        "home-manager": "home-manager",
        "libSource": "libSource_2",
        "nixpkgs": [
          "nixpkgs"
        ]
      },
      "locked": {
        "lastModified": 1765320026,
        "narHash": "sha256-yPvFElT1PG4ENioIn+ctf682E8y6jPodeosM8One680=",
        "owner": "jeff-hykin",
        "repo": "xome",
        "rev": "bae4f441d3e1ebe3b2da51a3ecdbdccddda67444",
        "type": "github"
      },
      "original": {
        "owner": "jeff-hykin",
        "repo": "xome",
        "type": "github"
      }
    }
  },
  "root": "root",
  "version": 7
}
