{
  "version": "5",
  "specifiers": {
    "jsr:@dimos/lcm@*": "0.2.0",
    "jsr:@dimos/msgs@*": "0.1.4"
  },
  "jsr": {
    "@dimos/lcm@0.2.0": {
      "integrity": "03399f5e4800f28a0c294981e0210d784232fc65a57707de19052ad805bd5fea"
    },
    "@dimos/msgs@0.1.4": {
      "integrity": "564bc30b4bc41a562c296c257a15055283ca0cbd66d0627991ede5295832d0c4"
    }
  },
  "workspace": {
    "dependencies": [
      "jsr:@dimos/lcm@*",
      "jsr:@dimos/msgs@*"
    ]
  }
}
